{
  "requires": true,
  "lockfileVersion": 1,
  "dependencies": {
    "mock-spawn": {
      "version": "0.2.6",
      "resolved": "https://registry.npmjs.org/mock-spawn/-/mock-spawn-0.2.6.tgz",
      "integrity": "sha1-s5wVocBnUEMQFEFR8sHeNE0Dk38=",
      "requires": {
        "through": "2.3.8"
      }
    },
    "node-ansible": {
      "version": "0.5.5",
      "resolved": "https://registry.npmjs.org/node-ansible/-/node-ansible-0.5.5.tgz",
      "integrity": "sha1-1S2C4OWl2W1n18oyUgwDXxoxj9I=",
      "requires": {
        "mock-spawn": "0.2.6",
        "q": "1.0.1",
        "underscore": "1.5.2"
      }
    },
    "q": {
      "version": "1.0.1",
      "resolved": "https://registry.npmjs.org/q/-/q-1.0.1.tgz",
      "integrity": "sha1-EYcq7t7okmgRCxCnGESP+xARKhQ="
    },
    "through": {
      "version": "2.3.8",
      "resolved": "https://registry.npmjs.org/through/-/through-2.3.8.tgz",
      "integrity": "sha1-DdTJ/6q8NXlgsbckEV1+Doai4fU="
    },
    "underscore": {
      "version": "1.5.2",
      "resolved": "https://registry.npmjs.org/underscore/-/underscore-1.5.2.tgz",
      "integrity": "sha1-EzXF5PXm0zu7SwBrqMhqAPVW3gg="
    }
  }
}
